
Microsoft Visual Studio Solution File, Format Version 12.00
# Visual Studio Version 17
VisualStudioVersion = 17.5.2.0
MinimumVisualStudioVersion = 10.0.40219.1
Project("{2150E333-8FDC-42A3-9474-1A3956D46DE8}") = "src", "src", "{827E0CD3-B72D-47B6-A68D-7590B98EB39B}"
EndProject
Project("{2150E333-8FDC-42A3-9474-1A3956D46DE8}") = "CodeGenerator.Angular", "CodeGenerator.Angular", "{5534F04B-CAE9-3969-ACAD-398C5CDE7039}"
EndProject
Project("{FAE04EC0-301F-11D3-BF4B-00C04F79EFBC}") = "CodeGenerator.Angular", "src\CodeGenerator.Angular\CodeGenerator.Angular.csproj", "{74879309-8E12-4668-48E4-1C637CBCEC79}"
EndProject
Project("{2150E333-8FDC-42A3-9474-1A3956D46DE8}") = "CodeGenerator.Core", "CodeGenerator.Core", "{4775C56A-1E8B-E22C-9888-5C902E938D33}"
EndProject
Project("{FAE04EC0-301F-11D3-BF4B-00C04F79EFBC}") = "CodeGenerator.Core", "src\CodeGenerator.Core\CodeGenerator.Core.csproj", "{E24C3913-F463-696D-43C4-DE7C12EB487C}"
EndProject
Project("{2150E333-8FDC-42A3-9474-1A3956D46DE8}") = "CodeGenerator.DotNet", "CodeGenerator.DotNet", "{2906C589-2C7D-7A5B-6247-EDDE301D84F0}"
EndProject
Project("{FAE04EC0-301F-11D3-BF4B-00C04F79EFBC}") = "CodeGenerator.DotNet", "src\CodeGenerator.DotNet\CodeGenerator.DotNet.csproj", "{2390B48D-A56C-98D0-6856-35AFED520449}"
EndProject
Project("{FAE04EC0-301F-11D3-BF4B-00C04F79EFBC}") = "CodeGenerator.Cli", "src\CodeGenerator.Cli\CodeGenerator.Cli.csproj", "{38529138-8E75-4472-82BA-A2992B6C28FB}"
EndProject
Project("{2150E333-8FDC-42A3-9474-1A3956D46DE8}") = "CodeGenerator.Python", "CodeGenerator.Python", "{B1A2C3D4-E5F6-7890-ABCD-EF1234567890}"
EndProject
Project("{FAE04EC0-301F-11D3-BF4B-00C04F79EFBC}") = "CodeGenerator.Python", "src\CodeGenerator.Python\CodeGenerator.Python.csproj", "{A1B2C3D4-E5F6-7890-ABCD-EF1234567891}"
EndProject
Project("{2150E333-8FDC-42A3-9474-1A3956D46DE8}") = "CodeGenerator.React", "CodeGenerator.React", "{C1D2E3F4-A5B6-7890-CDEF-AB1234567892}"
EndProject
Project("{FAE04EC0-301F-11D3-BF4B-00C04F79EFBC}") = "CodeGenerator.React", "src\CodeGenerator.React\CodeGenerator.React.csproj", "{D1E2F3A4-B5C6-7890-DEF0-BC1234567893}"
EndProject
Project("{2150E333-8FDC-42A3-9474-1A3956D46DE8}") = "CodeGenerator.ReactNative", "CodeGenerator.ReactNative", "{E1F2A3B4-C5D6-7890-EFAB-CD1234567894}"
EndProject
Project("{FAE04EC0-301F-11D3-BF4B-00C04F79EFBC}") = "CodeGenerator.ReactNative", "src\CodeGenerator.ReactNative\CodeGenerator.ReactNative.csproj", "{F1A2B3C4-D5E6-7890-FABC-DE1234567895}"
EndProject
Project("{2150E333-8FDC-42A3-9474-1A3956D46DE8}") = "CodeGenerator.Flask", "CodeGenerator.Flask", "{A2B3C4D5-E6F7-8901-ABCD-EF2345678906}"
EndProject
Project("{FAE04EC0-301F-11D3-BF4B-00C04F79EFBC}") = "CodeGenerator.Flask", "src\CodeGenerator.Flask\CodeGenerator.Flask.csproj", "{B2C3D4E5-F6A7-8901-BCDE-FA2345678907}"
EndProject
Project("{2150E333-8FDC-42A3-9474-1A3956D46DE8}") = "CodeGenerator.Playwright", "CodeGenerator.Playwright", "{C2D3E4F5-A6B7-8901-CDEF-AB3456789018}"
EndProject
Project("{FAE04EC0-301F-11D3-BF4B-00C04F79EFBC}") = "CodeGenerator.Playwright", "src\CodeGenerator.Playwright\CodeGenerator.Playwright.csproj", "{D2E3F4A5-B6C7-8901-DEFA-BC3456789019}"
EndProject
Project("{2150E333-8FDC-42A3-9474-1A3956D46DE8}") = "CodeGenerator.Detox", "CodeGenerator.Detox", "{E2F3A4B5-C6D7-8901-EFAB-CD4567890120}"
EndProject
Project("{FAE04EC0-301F-11D3-BF4B-00C04F79EFBC}") = "CodeGenerator.Detox", "src\CodeGenerator.Detox\CodeGenerator.Detox.csproj", "{F2A3B4C5-D6E7-8901-FABC-DE4567890121}"
EndProject
Project("{FAE04EC0-301F-11D3-BF4B-00C04F79EFBC}") = "CodeGenerator.Abstractions", "src\CodeGenerator.Abstractions\CodeGenerator.Abstractions.csproj", "{9A6A4E04-AB65-4132-875A-9B1984755AD3}"
EndProject
Global
	GlobalSection(SolutionConfigurationPlatforms) = preSolution
		Debug|Any CPU = Debug|Any CPU
		Debug|x64 = Debug|x64
		Debug|x86 = Debug|x86
		Release|Any CPU = Release|Any CPU
		Release|x64 = Release|x64
		Release|x86 = Release|x86
	EndGlobalSection
	GlobalSection(ProjectConfigurationPlatforms) = postSolution
		{74879309-8E12-4668-48E4-1C637CBCEC79}.Debug|Any CPU.ActiveCfg = Debug|Any CPU
		{74879309-8E12-4668-48E4-1C637CBCEC79}.Debug|Any CPU.Build.0 = Debug|Any CPU
		{74879309-8E12-4668-48E4-1C637CBCEC79}.Debug|x64.ActiveCfg = Debug|Any CPU
		{74879309-8E12-4668-48E4-1C637CBCEC79}.Debug|x64.Build.0 = Debug|Any CPU
		{74879309-8E12-4668-48E4-1C637CBCEC79}.Debug|x86.ActiveCfg = Debug|Any CPU
		{74879309-8E12-4668-48E4-1C637CBCEC79}.Debug|x86.Build.0 = Debug|Any CPU
		{74879309-8E12-4668-48E4-1C637CBCEC79}.Release|Any CPU.ActiveCfg = Release|Any CPU
		{74879309-8E12-4668-48E4-1C637CBCEC79}.Release|Any CPU.Build.0 = Release|Any CPU
		{74879309-8E12-4668-48E4-1C637CBCEC79}.Release|x64.ActiveCfg = Release|Any CPU
		{74879309-8E12-4668-48E4-1C637CBCEC79}.Release|x64.Build.0 = Release|Any CPU
		{74879309-8E12-4668-48E4-1C637CBCEC79}.Release|x86.ActiveCfg = Release|Any CPU
		{74879309-8E12-4668-48E4-1C637CBCEC79}.Release|x86.Build.0 = Release|Any CPU
		{E24C3913-F463-696D-43C4-DE7C12EB487C}.Debug|Any CPU.ActiveCfg = Debug|Any CPU
		{E24C3913-F463-696D-43C4-DE7C12EB487C}.Debug|Any CPU.Build.0 = Debug|Any CPU
		{E24C3913-F463-696D-43C4-DE7C12EB487C}.Debug|x64.ActiveCfg = Debug|Any CPU
		{E24C3913-F463-696D-43C4-DE7C12EB487C}.Debug|x64.Build.0 = Debug|Any CPU
		{E24C3913-F463-696D-43C4-DE7C12EB487C}.Debug|x86.ActiveCfg = Debug|Any CPU
		{E24C3913-F463-696D-43C4-DE7C12EB487C}.Debug|x86.Build.0 = Debug|Any CPU
		{E24C3913-F463-696D-43C4-DE7C12EB487C}.Release|Any CPU.ActiveCfg = Release|Any CPU
		{E24C3913-F463-696D-43C4-DE7C12EB487C}.Release|Any CPU.Build.0 = Release|Any CPU
		{E24C3913-F463-696D-43C4-DE7C12EB487C}.Release|x64.ActiveCfg = Release|Any CPU
		{E24C3913-F463-696D-43C4-DE7C12EB487C}.Release|x64.Build.0 = Release|Any CPU
		{E24C3913-F463-696D-43C4-DE7C12EB487C}.Release|x86.ActiveCfg = Release|Any CPU
		{E24C3913-F463-696D-43C4-DE7C12EB487C}.Release|x86.Build.0 = Release|Any CPU
		{2390B48D-A56C-98D0-6856-35AFED520449}.Debug|Any CPU.ActiveCfg = Debug|Any CPU
		{2390B48D-A56C-98D0-6856-35AFED520449}.Debug|Any CPU.Build.0 = Debug|Any CPU
		{2390B48D-A56C-98D0-6856-35AFED520449}.Debug|x64.ActiveCfg = Debug|Any CPU
		{2390B48D-A56C-98D0-6856-35AFED520449}.Debug|x64.Build.0 = Debug|Any CPU
		{2390B48D-A56C-98D0-6856-35AFED520449}.Debug|x86.ActiveCfg = Debug|Any CPU
		{2390B48D-A56C-98D0-6856-35AFED520449}.Debug|x86.Build.0 = Debug|Any CPU
		{2390B48D-A56C-98D0-6856-35AFED520449}.Release|Any CPU.ActiveCfg = Release|Any CPU
		{2390B48D-A56C-98D0-6856-35AFED520449}.Release|Any CPU.Build.0 = Release|Any CPU
		{2390B48D-A56C-98D0-6856-35AFED520449}.Release|x64.ActiveCfg = Release|Any CPU
		{2390B48D-A56C-98D0-6856-35AFED520449}.Release|x64.Build.0 = Release|Any CPU
		{2390B48D-A56C-98D0-6856-35AFED520449}.Release|x86.ActiveCfg = Release|Any CPU
		{2390B48D-A56C-98D0-6856-35AFED520449}.Release|x86.Build.0 = Release|Any CPU
		{38529138-8E75-4472-82BA-A2992B6C28FB}.Debug|Any CPU.ActiveCfg = Debug|Any CPU
		{38529138-8E75-4472-82BA-A2992B6C28FB}.Debug|Any CPU.Build.0 = Debug|Any CPU
		{38529138-8E75-4472-82BA-A2992B6C28FB}.Debug|x64.ActiveCfg = Debug|Any CPU
		{38529138-8E75-4472-82BA-A2992B6C28FB}.Debug|x64.Build.0 = Debug|Any CPU
		{38529138-8E75-4472-82BA-A2992B6C28FB}.Debug|x86.ActiveCfg = Debug|Any CPU
		{38529138-8E75-4472-82BA-A2992B6C28FB}.Debug|x86.Build.0 = Debug|Any CPU
		{38529138-8E75-4472-82BA-A2992B6C28FB}.Release|Any CPU.ActiveCfg = Release|Any CPU
		{38529138-8E75-4472-82BA-A2992B6C28FB}.Release|Any CPU.Build.0 = Release|Any CPU
		{38529138-8E75-4472-82BA-A2992B6C28FB}.Release|x64.ActiveCfg = Release|Any CPU
		{38529138-8E75-4472-82BA-A2992B6C28FB}.Release|x64.Build.0 = Release|Any CPU
		{38529138-8E75-4472-82BA-A2992B6C28FB}.Release|x86.ActiveCfg = Release|Any CPU
		{38529138-8E75-4472-82BA-A2992B6C28FB}.Release|x86.Build.0 = Release|Any CPU
		{A1B2C3D4-E5F6-7890-ABCD-EF1234567891}.Debug|Any CPU.ActiveCfg = Debug|Any CPU
		{A1B2C3D4-E5F6-7890-ABCD-EF1234567891}.Debug|Any CPU.Build.0 = Debug|Any CPU
		{A1B2C3D4-E5F6-7890-ABCD-EF1234567891}.Debug|x64.ActiveCfg = Debug|Any CPU
		{A1B2C3D4-E5F6-7890-ABCD-EF1234567891}.Debug|x64.Build.0 = Debug|Any CPU
		{A1B2C3D4-E5F6-7890-ABCD-EF1234567891}.Debug|x86.ActiveCfg = Debug|Any CPU
		{A1B2C3D4-E5F6-7890-ABCD-EF1234567891}.Debug|x86.Build.0 = Debug|Any CPU
		{A1B2C3D4-E5F6-7890-ABCD-EF1234567891}.Release|Any CPU.ActiveCfg = Release|Any CPU
		{A1B2C3D4-E5F6-7890-ABCD-EF1234567891}.Release|Any CPU.Build.0 = Release|Any CPU
		{A1B2C3D4-E5F6-7890-ABCD-EF1234567891}.Release|x64.ActiveCfg = Release|Any CPU
		{A1B2C3D4-E5F6-7890-ABCD-EF1234567891}.Release|x64.Build.0 = Release|Any CPU
		{A1B2C3D4-E5F6-7890-ABCD-EF1234567891}.Release|x86.ActiveCfg = Release|Any CPU
		{A1B2C3D4-E5F6-7890-ABCD-EF1234567891}.Release|x86.Build.0 = Release|Any CPU
		{D1E2F3A4-B5C6-7890-DEF0-BC1234567893}.Debug|Any CPU.ActiveCfg = Debug|Any CPU
		{D1E2F3A4-B5C6-7890-DEF0-BC1234567893}.Debug|Any CPU.Build.0 = Debug|Any CPU
		{D1E2F3A4-B5C6-7890-DEF0-BC1234567893}.Debug|x64.ActiveCfg = Debug|Any CPU
		{D1E2F3A4-B5C6-7890-DEF0-BC1234567893}.Debug|x64.Build.0 = Debug|Any CPU
		{D1E2F3A4-B5C6-7890-DEF0-BC1234567893}.Debug|x86.ActiveCfg = Debug|Any CPU
		{D1E2F3A4-B5C6-7890-DEF0-BC1234567893}.Debug|x86.Build.0 = Debug|Any CPU
		{D1E2F3A4-B5C6-7890-DEF0-BC1234567893}.Release|Any CPU.ActiveCfg = Release|Any CPU
		{D1E2F3A4-B5C6-7890-DEF0-BC1234567893}.Release|Any CPU.Build.0 = Release|Any CPU
		{D1E2F3A4-B5C6-7890-DEF0-BC1234567893}.Release|x64.ActiveCfg = Release|Any CPU
		{D1E2F3A4-B5C6-7890-DEF0-BC1234567893}.Release|x64.Build.0 = Release|Any CPU
		{D1E2F3A4-B5C6-7890-DEF0-BC1234567893}.Release|x86.ActiveCfg = Release|Any CPU
		{D1E2F3A4-B5C6-7890-DEF0-BC1234567893}.Release|x86.Build.0 = Release|Any CPU
		{F1A2B3C4-D5E6-7890-FABC-DE1234567895}.Debug|Any CPU.ActiveCfg = Debug|Any CPU
		{F1A2B3C4-D5E6-7890-FABC-DE1234567895}.Debug|Any CPU.Build.0 = Debug|Any CPU
		{F1A2B3C4-D5E6-7890-FABC-DE1234567895}.Debug|x64.ActiveCfg = Debug|Any CPU
		{F1A2B3C4-D5E6-7890-FABC-DE1234567895}.Debug|x64.Build.0 = Debug|Any CPU
		{F1A2B3C4-D5E6-7890-FABC-DE1234567895}.Debug|x86.ActiveCfg = Debug|Any CPU
		{F1A2B3C4-D5E6-7890-FABC-DE1234567895}.Debug|x86.Build.0 = Debug|Any CPU
		{F1A2B3C4-D5E6-7890-FABC-DE1234567895}.Release|Any CPU.ActiveCfg = Release|Any CPU
		{F1A2B3C4-D5E6-7890-FABC-DE1234567895}.Release|Any CPU.Build.0 = Release|Any CPU
		{F1A2B3C4-D5E6-7890-FABC-DE1234567895}.Release|x64.ActiveCfg = Release|Any CPU
		{F1A2B3C4-D5E6-7890-FABC-DE1234567895}.Release|x64.Build.0 = Release|Any CPU
		{F1A2B3C4-D5E6-7890-FABC-DE1234567895}.Release|x86.ActiveCfg = Release|Any CPU
		{F1A2B3C4-D5E6-7890-FABC-DE1234567895}.Release|x86.Build.0 = Release|Any CPU
		{B2C3D4E5-F6A7-8901-BCDE-FA2345678907}.Debug|Any CPU.ActiveCfg = Debug|Any CPU
		{B2C3D4E5-F6A7-8901-BCDE-FA2345678907}.Debug|Any CPU.Build.0 = Debug|Any CPU
		{B2C3D4E5-F6A7-8901-BCDE-FA2345678907}.Debug|x64.ActiveCfg = Debug|Any CPU
		{B2C3D4E5-F6A7-8901-BCDE-FA2345678907}.Debug|x64.Build.0 = Debug|Any CPU
		{B2C3D4E5-F6A7-8901-BCDE-FA2345678907}.Debug|x86.ActiveCfg = Debug|Any CPU
		{B2C3D4E5-F6A7-8901-BCDE-FA2345678907}.Debug|x86.Build.0 = Debug|Any CPU
		{B2C3D4E5-F6A7-8901-BCDE-FA2345678907}.Release|Any CPU.ActiveCfg = Release|Any CPU
		{B2C3D4E5-F6A7-8901-BCDE-FA2345678907}.Release|Any CPU.Build.0 = Release|Any CPU
		{B2C3D4E5-F6A7-8901-BCDE-FA2345678907}.Release|x64.ActiveCfg = Release|Any CPU
		{B2C3D4E5-F6A7-8901-BCDE-FA2345678907}.Release|x64.Build.0 = Release|Any CPU
		{B2C3D4E5-F6A7-8901-BCDE-FA2345678907}.Release|x86.ActiveCfg = Release|Any CPU
		{B2C3D4E5-F6A7-8901-BCDE-FA2345678907}.Release|x86.Build.0 = Release|Any CPU
		{D2E3F4A5-B6C7-8901-DEFA-BC3456789019}.Debug|Any CPU.ActiveCfg = Debug|Any CPU
		{D2E3F4A5-B6C7-8901-DEFA-BC3456789019}.Debug|Any CPU.Build.0 = Debug|Any CPU
		{D2E3F4A5-B6C7-8901-DEFA-BC3456789019}.Debug|x64.ActiveCfg = Debug|Any CPU
		{D2E3F4A5-B6C7-8901-DEFA-BC3456789019}.Debug|x64.Build.0 = Debug|Any CPU
		{D2E3F4A5-B6C7-8901-DEFA-BC3456789019}.Debug|x86.ActiveCfg = Debug|Any CPU
		{D2E3F4A5-B6C7-8901-DEFA-BC3456789019}.Debug|x86.Build.0 = Debug|Any CPU
		{D2E3F4A5-B6C7-8901-DEFA-BC3456789019}.Release|Any CPU.ActiveCfg = Release|Any CPU
		{D2E3F4A5-B6C7-8901-DEFA-BC3456789019}.Release|Any CPU.Build.0 = Release|Any CPU
		{D2E3F4A5-B6C7-8901-DEFA-BC3456789019}.Release|x64.ActiveCfg = Release|Any CPU
		{D2E3F4A5-B6C7-8901-DEFA-BC3456789019}.Release|x64.Build.0 = Release|Any CPU
		{D2E3F4A5-B6C7-8901-DEFA-BC3456789019}.Release|x86.ActiveCfg = Release|Any CPU
		{D2E3F4A5-B6C7-8901-DEFA-BC3456789019}.Release|x86.Build.0 = Release|Any CPU
		{F2A3B4C5-D6E7-8901-FABC-DE4567890121}.Debug|Any CPU.ActiveCfg = Debug|Any CPU
		{F2A3B4C5-D6E7-8901-FABC-DE4567890121}.Debug|Any CPU.Build.0 = Debug|Any CPU
		{F2A3B4C5-D6E7-8901-FABC-DE4567890121}.Debug|x64.ActiveCfg = Debug|Any CPU
		{F2A3B4C5-D6E7-8901-FABC-DE4567890121}.Debug|x64.Build.0 = Debug|Any CPU
		{F2A3B4C5-D6E7-8901-FABC-DE4567890121}.Debug|x86.ActiveCfg = Debug|Any CPU
		{F2A3B4C5-D6E7-8901-FABC-DE4567890121}.Debug|x86.Build.0 = Debug|Any CPU
		{F2A3B4C5-D6E7-8901-FABC-DE4567890121}.Release|Any CPU.ActiveCfg = Release|Any CPU
		{F2A3B4C5-D6E7-8901-FABC-DE4567890121}.Release|Any CPU.Build.0 = Release|Any CPU
		{F2A3B4C5-D6E7-8901-FABC-DE4567890121}.Release|x64.ActiveCfg = Release|Any CPU
		{F2A3B4C5-D6E7-8901-FABC-DE4567890121}.Release|x64.Build.0 = Release|Any CPU
		{F2A3B4C5-D6E7-8901-FABC-DE4567890121}.Release|x86.ActiveCfg = Release|Any CPU
		{F2A3B4C5-D6E7-8901-FABC-DE4567890121}.Release|x86.Build.0 = Release|Any CPU
		{9A6A4E04-AB65-4132-875A-9B1984755AD3}.Debug|Any CPU.ActiveCfg = Debug|Any CPU
		{9A6A4E04-AB65-4132-875A-9B1984755AD3}.Debug|Any CPU.Build.0 = Debug|Any CPU
		{9A6A4E04-AB65-4132-875A-9B1984755AD3}.Debug|x64.ActiveCfg = Debug|Any CPU
		{9A6A4E04-AB65-4132-875A-9B1984755AD3}.Debug|x64.Build.0 = Debug|Any CPU
		{9A6A4E04-AB65-4132-875A-9B1984755AD3}.Debug|x86.ActiveCfg = Debug|Any CPU
		{9A6A4E04-AB65-4132-875A-9B1984755AD3}.Debug|x86.Build.0 = Debug|Any CPU
		{9A6A4E04-AB65-4132-875A-9B1984755AD3}.Release|Any CPU.ActiveCfg = Release|Any CPU
		{9A6A4E04-AB65-4132-875A-9B1984755AD3}.Release|Any CPU.Build.0 = Release|Any CPU
		{9A6A4E04-AB65-4132-875A-9B1984755AD3}.Release|x64.ActiveCfg = Release|Any CPU
		{9A6A4E04-AB65-4132-875A-9B1984755AD3}.Release|x64.Build.0 = Release|Any CPU
		{9A6A4E04-AB65-4132-875A-9B1984755AD3}.Release|x86.ActiveCfg = Release|Any CPU
		{9A6A4E04-AB65-4132-875A-9B1984755AD3}.Release|x86.Build.0 = Release|Any CPU
	EndGlobalSection
	GlobalSection(SolutionProperties) = preSolution
		HideSolutionNode = FALSE
	EndGlobalSection
	GlobalSection(NestedProjects) = preSolution
		{5534F04B-CAE9-3969-ACAD-398C5CDE7039} = {827E0CD3-B72D-47B6-A68D-7590B98EB39B}
		{74879309-8E12-4668-48E4-1C637CBCEC79} = {5534F04B-CAE9-3969-ACAD-398C5CDE7039}
		{4775C56A-1E8B-E22C-9888-5C902E938D33} = {827E0CD3-B72D-47B6-A68D-7590B98EB39B}
		{E24C3913-F463-696D-43C4-DE7C12EB487C} = {4775C56A-1E8B-E22C-9888-5C902E938D33}
		{2906C589-2C7D-7A5B-6247-EDDE301D84F0} = {827E0CD3-B72D-47B6-A68D-7590B98EB39B}
		{2390B48D-A56C-98D0-6856-35AFED520449} = {2906C589-2C7D-7A5B-6247-EDDE301D84F0}
		{38529138-8E75-4472-82BA-A2992B6C28FB} = {827E0CD3-B72D-47B6-A68D-7590B98EB39B}
		{B1A2C3D4-E5F6-7890-ABCD-EF1234567890} = {827E0CD3-B72D-47B6-A68D-7590B98EB39B}
		{A1B2C3D4-E5F6-7890-ABCD-EF1234567891} = {B1A2C3D4-E5F6-7890-ABCD-EF1234567890}
		{C1D2E3F4-A5B6-7890-CDEF-AB1234567892} = {827E0CD3-B72D-47B6-A68D-7590B98EB39B}
		{D1E2F3A4-B5C6-7890-DEF0-BC1234567893} = {C1D2E3F4-A5B6-7890-CDEF-AB1234567892}
		{E1F2A3B4-C5D6-7890-EFAB-CD1234567894} = {827E0CD3-B72D-47B6-A68D-7590B98EB39B}
		{F1A2B3C4-D5E6-7890-FABC-DE1234567895} = {E1F2A3B4-C5D6-7890-EFAB-CD1234567894}
		{A2B3C4D5-E6F7-8901-ABCD-EF2345678906} = {827E0CD3-B72D-47B6-A68D-7590B98EB39B}
		{B2C3D4E5-F6A7-8901-BCDE-FA2345678907} = {A2B3C4D5-E6F7-8901-ABCD-EF2345678906}
		{C2D3E4F5-A6B7-8901-CDEF-AB3456789018} = {827E0CD3-B72D-47B6-A68D-7590B98EB39B}
		{D2E3F4A5-B6C7-8901-DEFA-BC3456789019} = {C2D3E4F5-A6B7-8901-CDEF-AB3456789018}
		{E2F3A4B5-C6D7-8901-EFAB-CD4567890120} = {827E0CD3-B72D-47B6-A68D-7590B98EB39B}
		{F2A3B4C5-D6E7-8901-FABC-DE4567890121} = {E2F3A4B5-C6D7-8901-EFAB-CD4567890120}
		{9A6A4E04-AB65-4132-875A-9B1984755AD3} = {827E0CD3-B72D-47B6-A68D-7590B98EB39B}
	EndGlobalSection
	GlobalSection(ExtensibilityGlobals) = postSolution
		SolutionGuid = {AA822D18-9E89-4134-BAB9-63E8276F3461}
	EndGlobalSection
EndGlobal
