
Microsoft Visual Studio Solution File, Format Version 12.00
# Visual Studio Version 17
VisualStudioVersion = 17.5.2.0
MinimumVisualStudioVersion = 10.0.40219.1
Project("{2150E333-8FDC-42A3-9474-1A3956D46DE8}") = "src", "src", "{827E0CD3-B72D-47B6-A68D-7590B98EB39B}"
EndProject
Project("{2150E333-8FDC-42A3-9474-1A3956D46DE8}") = "CodeGenerator.Angular", "CodeGenerator.Angular", "{5534F04B-CAE9-3969-ACAD-398C5CDE7039}"
EndProject
Project("{FAE04EC0-301F-11D3-BF4B-00C04F79EFBC}") = "CodeGenerator.Angular", "src\CodeGenerator.Angular\CodeGenerator.Angular.csproj", "{74879309-8E12-4668-48E4-1C637CBCEC79}"
EndProject
Project("{2150E333-8FDC-42A3-9474-1A3956D46DE8}") = "CodeGenerator.Core", "CodeGenerator.Core", "{4775C56A-1E8B-E22C-9888-5C902E938D33}"
EndProject
Project("{FAE04EC0-301F-11D3-BF4B-00C04F79EFBC}") = "CodeGenerator.Core", "src\CodeGenerator.Core\CodeGenerator.Core.csproj", "{E24C3913-F463-696D-43C4-DE7C12EB487C}"
EndProject
Project("{2150E333-8FDC-42A3-9474-1A3956D46DE8}") = "CodeGenerator.DotNet", "CodeGenerator.DotNet", "{2906C589-2C7D-7A5B-6247-EDDE301D84F0}"
EndProject
Project("{FAE04EC0-301F-11D3-BF4B-00C04F79EFBC}") = "CodeGenerator.DotNet", "src\CodeGenerator.DotNet\CodeGenerator.DotNet.csproj", "{2390B48D-A56C-98D0-6856-35AFED520449}"
EndProject
Project("{FAE04EC0-301F-11D3-BF4B-00C04F79EFBC}") = "CodeGenerator.Cli", "src\CodeGenerator.Cli\CodeGenerator.Cli.csproj", "{38529138-8E75-4472-82BA-A2992B6C28FB}"
EndProject
Project("{2150E333-8FDC-42A3-9474-1A3956D46DE8}") = "CodeGenerator.Python", "CodeGenerator.Python", "{B1A2C3D4-E5F6-7890-ABCD-EF1234567890}"
EndProject
Project("{FAE04EC0-301F-11D3-BF4B-00C04F79EFBC}") = "CodeGenerator.Python", "src\CodeGenerator.Python\CodeGenerator.Python.csproj", "{A1B2C3D4-E5F6-7890-ABCD-EF1234567891}"
EndProject
Project("{2150E333-8FDC-42A3-9474-1A3956D46DE8}") = "CodeGenerator.React", "CodeGenerator.React", "{C1D2E3F4-A5B6-7890-CDEF-AB1234567892}"
EndProject
Project("{FAE04EC0-301F-11D3-BF4B-00C04F79EFBC}") = "CodeGenerator.React", "src\CodeGenerator.React\CodeGenerator.React.csproj", "{D1E2F3A4-B5C6-7890-DEF0-BC1234567893}"
EndProject
Project("{2150E333-8FDC-42A3-9474-1A3956D46DE8}") = "CodeGenerator.ReactNative", "CodeGenerator.ReactNative", "{E1F2A3B4-C5D6-7890-EFAB-CD1234567894}"
EndProject
Project("{FAE04EC0-301F-11D3-BF4B-00C04F79EFBC}") = "CodeGenerator.ReactNative", "src\CodeGenerator.ReactNative\CodeGenerator.ReactNative.csproj", "{F1A2B3C4-D5E6-7890-FABC-DE1234567895}"
EndProject
Project("{2150E333-8FDC-42A3-9474-1A3956D46DE8}") = "CodeGenerator.Flask", "CodeGenerator.Flask", "{A2B3C4D5-E6F7-8901-ABCD-EF2345678906}"
EndProject
Project("{FAE04EC0-301F-11D3-BF4B-00C04F79EFBC}") = "CodeGenerator.Flask", "src\CodeGenerator.Flask\CodeGenerator.Flask.csproj", "{B2C3D4E5-F6A7-8901-BCDE-FA2345678907}"
EndProject
Project("{2150E333-8FDC-42A3-9474-1A3956D46DE8}") = "CodeGenerator.Playwright", "CodeGenerator.Playwright", "{C2D3E4F5-A6B7-8901-CDEF-AB3456789018}"
EndProject
Project("{FAE04EC0-301F-11D3-BF4B-00C04F79EFBC}") = "CodeGenerator.Playwright", "src\CodeGenerator.Playwright\CodeGenerator.Playwright.csproj", "{D2E3F4A5-B6C7-8901-DEFA-BC3456789019}"
EndProject
Project("{2150E333-8FDC-42A3-9474-1A3956D46DE8}") = "CodeGenerator.Detox", "CodeGenerator.Detox", "{E2F3A4B5-C6D7-8901-EFAB-CD4567890120}"
EndProject
Project("{FAE04EC0-301F-11D3-BF4B-00C04F79EFBC}") = "CodeGenerator.Detox", "src\CodeGenerator.Detox\CodeGenerator.Detox.csproj", "{F2A3B4C5-D6E7-8901-FABC-DE4567890121}"
EndProject
Project("{FAE04EC0-301F-11D3-BF4B-00C04F79EFBC}") = "CodeGenerator.Abstractions", "src\CodeGenerator.Abstractions\CodeGenerator.Abstractions.csproj", "{9A6A4E04-AB65-4132-875A-9B1984755AD3}"
EndProject
Project("{2150E333-8FDC-42A3-9474-1A3956D46DE8}") = "tests", "tests", "{0AB3BF05-4346-4AA6-1389-037BE0695223}"
EndProject
Project("{FAE04EC0-301F-11D3-BF4B-00C04F79EFBC}") = "CodeGenerator.Abstractions.UnitTests", "tests\CodeGenerator.Abstractions.UnitTests\CodeGenerator.Abstractions.UnitTests.csproj", "{6C7318D5-EBBE-40EA-A7F1-46CFCCD8F5B6}"
EndProject
Project("{FAE04EC0-301F-11D3-BF4B-00C04F79EFBC}") = "CodeGenerator.Core.UnitTests", "tests\CodeGenerator.Core.UnitTests\CodeGenerator.Core.UnitTests.csproj", "{BDE6F6DE-69BA-4B33-9F04-AA7F735AB5A9}"
EndProject
Project("{FAE04EC0-301F-11D3-BF4B-00C04F79EFBC}") = "CodeGenerator.DotNet.UnitTests", "tests\CodeGenerator.DotNet.UnitTests\CodeGenerator.DotNet.UnitTests.csproj", "{9F280557-2510-459A-9E36-FC20DCD5D78A}"
EndProject
Project("{FAE04EC0-301F-11D3-BF4B-00C04F79EFBC}") = "CodeGenerator.Angular.UnitTests", "tests\CodeGenerator.Angular.UnitTests\CodeGenerator.Angular.UnitTests.csproj", "{B1F8DD54-4097-4A31-80DB-500A59800A85}"
EndProject
Project("{FAE04EC0-301F-11D3-BF4B-00C04F79EFBC}") = "CodeGenerator.React.UnitTests", "tests\CodeGenerator.React.UnitTests\CodeGenerator.React.UnitTests.csproj", "{B8796ED3-678E-4D5A-B97C-731B6B80C7E4}"
EndProject
Project("{FAE04EC0-301F-11D3-BF4B-00C04F79EFBC}") = "CodeGenerator.ReactNative.UnitTests", "tests\CodeGenerator.ReactNative.UnitTests\CodeGenerator.ReactNative.UnitTests.csproj", "{CC8FA428-3988-444E-92FB-4A5BE925D96B}"
EndProject
Project("{FAE04EC0-301F-11D3-BF4B-00C04F79EFBC}") = "CodeGenerator.Python.UnitTests", "tests\CodeGenerator.Python.UnitTests\CodeGenerator.Python.UnitTests.csproj", "{FDE7C93A-6625-46E1-A6A4-8348A874ED24}"
EndProject
Project("{FAE04EC0-301F-11D3-BF4B-00C04F79EFBC}") = "CodeGenerator.Flask.UnitTests", "tests\CodeGenerator.Flask.UnitTests\CodeGenerator.Flask.UnitTests.csproj", "{D6581EDE-2989-4E41-BD10-7B969AFC0F98}"
EndProject
Project("{FAE04EC0-301F-11D3-BF4B-00C04F79EFBC}") = "CodeGenerator.Playwright.UnitTests", "tests\CodeGenerator.Playwright.UnitTests\CodeGenerator.Playwright.UnitTests.csproj", "{B4FD78EF-539E-477D-AC48-074C098CD738}"
EndProject
Project("{FAE04EC0-301F-11D3-BF4B-00C04F79EFBC}") = "CodeGenerator.Detox.UnitTests", "tests\CodeGenerator.Detox.UnitTests\CodeGenerator.Detox.UnitTests.csproj", "{AF8EE342-FED6-4FD0-A378-41DBC5F7F8BE}"
EndProject
Project("{FAE04EC0-301F-11D3-BF4B-00C04F79EFBC}") = "CodeGenerator.IntegrationTests", "tests\CodeGenerator.IntegrationTests\CodeGenerator.IntegrationTests.csproj", "{927CA452-AA4F-4005-B5A4-6C0F47611F12}"
EndProject
Project("{FAE04EC0-301F-11D3-BF4B-00C04F79EFBC}") = "CodeGenerator.Cli.UnitTests", "tests\CodeGenerator.Cli.UnitTests\CodeGenerator.Cli.UnitTests.csproj", "{21D04484-B3DF-4D96-9B5F-4B74C79B1687}"
EndProject
Global
	GlobalSection(SolutionConfigurationPlatforms) = preSolution
		Debug|Any CPU = Debug|Any CPU
		Debug|x64 = Debug|x64
		Debug|x86 = Debug|x86
		Release|Any CPU = Release|Any CPU
		Release|x64 = Release|x64
		Release|x86 = Release|x86
	EndGlobalSection
	GlobalSection(ProjectConfigurationPlatforms) = postSolution
		{74879309-8E12-4668-48E4-1C637CBCEC79}.Debug|Any CPU.ActiveCfg = Debug|Any CPU
		{74879309-8E12-4668-48E4-1C637CBCEC79}.Debug|Any CPU.Build.0 = Debug|Any CPU
		{74879309-8E12-4668-48E4-1C637CBCEC79}.Debug|x64.ActiveCfg = Debug|Any CPU
		{74879309-8E12-4668-48E4-1C637CBCEC79}.Debug|x64.Build.0 = Debug|Any CPU
		{74879309-8E12-4668-48E4-1C637CBCEC79}.Debug|x86.ActiveCfg = Debug|Any CPU
		{74879309-8E12-4668-48E4-1C637CBCEC79}.Debug|x86.Build.0 = Debug|Any CPU
		{74879309-8E12-4668-48E4-1C637CBCEC79}.Release|Any CPU.ActiveCfg = Release|Any CPU
		{74879309-8E12-4668-48E4-1C637CBCEC79}.Release|Any CPU.Build.0 = Release|Any CPU
		{74879309-8E12-4668-48E4-1C637CBCEC79}.Release|x64.ActiveCfg = Release|Any CPU
		{74879309-8E12-4668-48E4-1C637CBCEC79}.Release|x64.Build.0 = Release|Any CPU
		{74879309-8E12-4668-48E4-1C637CBCEC79}.Release|x86.ActiveCfg = Release|Any CPU
		{74879309-8E12-4668-48E4-1C637CBCEC79}.Release|x86.Build.0 = Release|Any CPU
		{E24C3913-F463-696D-43C4-DE7C12EB487C}.Debug|Any CPU.ActiveCfg = Debug|Any CPU
		{E24C3913-F463-696D-43C4-DE7C12EB487C}.Debug|Any CPU.Build.0 = Debug|Any CPU
		{E24C3913-F463-696D-43C4-DE7C12EB487C}.Debug|x64.ActiveCfg = Debug|Any CPU
		{E24C3913-F463-696D-43C4-DE7C12EB487C}.Debug|x64.Build.0 = Debug|Any CPU
		{E24C3913-F463-696D-43C4-DE7C12EB487C}.Debug|x86.ActiveCfg = Debug|Any CPU
		{E24C3913-F463-696D-43C4-DE7C12EB487C}.Debug|x86.Build.0 = Debug|Any CPU
		{E24C3913-F463-696D-43C4-DE7C12EB487C}.Release|Any CPU.ActiveCfg = Release|Any CPU
		{E24C3913-F463-696D-43C4-DE7C12EB487C}.Release|Any CPU.Build.0 = Release|Any CPU
		{E24C3913-F463-696D-43C4-DE7C12EB487C}.Release|x64.ActiveCfg = Release|Any CPU
		{E24C3913-F463-696D-43C4-DE7C12EB487C}.Release|x64.Build.0 = Release|Any CPU
		{E24C3913-F463-696D-43C4-DE7C12EB487C}.Release|x86.ActiveCfg = Release|Any CPU
		{E24C3913-F463-696D-43C4-DE7C12EB487C}.Release|x86.Build.0 = Release|Any CPU
		{2390B48D-A56C-98D0-6856-35AFED520449}.Debug|Any CPU.ActiveCfg = Debug|Any CPU
		{2390B48D-A56C-98D0-6856-35AFED520449}.Debug|Any CPU.Build.0 = Debug|Any CPU
		{2390B48D-A56C-98D0-6856-35AFED520449}.Debug|x64.ActiveCfg = Debug|Any CPU
		{2390B48D-A56C-98D0-6856-35AFED520449}.Debug|x64.Build.0 = Debug|Any CPU
		{2390B48D-A56C-98D0-6856-35AFED520449}.Debug|x86.ActiveCfg = Debug|Any CPU
		{2390B48D-A56C-98D0-6856-35AFED520449}.Debug|x86.Build.0 = Debug|Any CPU
		{2390B48D-A56C-98D0-6856-35AFED520449}.Release|Any CPU.ActiveCfg = Release|Any CPU
		{2390B48D-A56C-98D0-6856-35AFED520449}.Release|Any CPU.Build.0 = Release|Any CPU
		{2390B48D-A56C-98D0-6856-35AFED520449}.Release|x64.ActiveCfg = Release|Any CPU
		{2390B48D-A56C-98D0-6856-35AFED520449}.Release|x64.Build.0 = Release|Any CPU
		{2390B48D-A56C-98D0-6856-35AFED520449}.Release|x86.ActiveCfg = Release|Any CPU
		{2390B48D-A56C-98D0-6856-35AFED520449}.Release|x86.Build.0 = Release|Any CPU
		{38529138-8E75-4472-82BA-A2992B6C28FB}.Debug|Any CPU.ActiveCfg = Debug|Any CPU
		{38529138-8E75-4472-82BA-A2992B6C28FB}.Debug|Any CPU.Build.0 = Debug|Any CPU
		{38529138-8E75-4472-82BA-A2992B6C28FB}.Debug|x64.ActiveCfg = Debug|Any CPU
		{38529138-8E75-4472-82BA-A2992B6C28FB}.Debug|x64.Build.0 = Debug|Any CPU
		{38529138-8E75-4472-82BA-A2992B6C28FB}.Debug|x86.ActiveCfg = Debug|Any CPU
		{38529138-8E75-4472-82BA-A2992B6C28FB}.Debug|x86.Build.0 = Debug|Any CPU
		{38529138-8E75-4472-82BA-A2992B6C28FB}.Release|Any CPU.ActiveCfg = Release|Any CPU
		{38529138-8E75-4472-82BA-A2992B6C28FB}.Release|Any CPU.Build.0 = Release|Any CPU
		{38529138-8E75-4472-82BA-A2992B6C28FB}.Release|x64.ActiveCfg = Release|Any CPU
		{38529138-8E75-4472-82BA-A2992B6C28FB}.Release|x64.Build.0 = Release|Any CPU
		{38529138-8E75-4472-82BA-A2992B6C28FB}.Release|x86.ActiveCfg = Release|Any CPU
		{38529138-8E75-4472-82BA-A2992B6C28FB}.Release|x86.Build.0 = Release|Any CPU
		{A1B2C3D4-E5F6-7890-ABCD-EF1234567891}.Debug|Any CPU.ActiveCfg = Debug|Any CPU
		{A1B2C3D4-E5F6-7890-ABCD-EF1234567891}.Debug|Any CPU.Build.0 = Debug|Any CPU
		{A1B2C3D4-E5F6-7890-ABCD-EF1234567891}.Debug|x64.ActiveCfg = Debug|Any CPU
		{A1B2C3D4-E5F6-7890-ABCD-EF1234567891}.Debug|x64.Build.0 = Debug|Any CPU
		{A1B2C3D4-E5F6-7890-ABCD-EF1234567891}.Debug|x86.ActiveCfg = Debug|Any CPU
		{A1B2C3D4-E5F6-7890-ABCD-EF1234567891}.Debug|x86.Build.0 = Debug|Any CPU
		{A1B2C3D4-E5F6-7890-ABCD-EF1234567891}.Release|Any CPU.ActiveCfg = Release|Any CPU
		{A1B2C3D4-E5F6-7890-ABCD-EF1234567891}.Release|Any CPU.Build.0 = Release|Any CPU
		{A1B2C3D4-E5F6-7890-ABCD-EF1234567891}.Release|x64.ActiveCfg = Release|Any CPU
		{A1B2C3D4-E5F6-7890-ABCD-EF1234567891}.Release|x64.Build.0 = Release|Any CPU
		{A1B2C3D4-E5F6-7890-ABCD-EF1234567891}.Release|x86.ActiveCfg = Release|Any CPU
		{A1B2C3D4-E5F6-7890-ABCD-EF1234567891}.Release|x86.Build.0 = Release|Any CPU
		{D1E2F3A4-B5C6-7890-DEF0-BC1234567893}.Debug|Any CPU.ActiveCfg = Debug|Any CPU
		{D1E2F3A4-B5C6-7890-DEF0-BC1234567893}.Debug|Any CPU.Build.0 = Debug|Any CPU
		{D1E2F3A4-B5C6-7890-DEF0-BC1234567893}.Debug|x64.ActiveCfg = Debug|Any CPU
		{D1E2F3A4-B5C6-7890-DEF0-BC1234567893}.Debug|x64.Build.0 = Debug|Any CPU
		{D1E2F3A4-B5C6-7890-DEF0-BC1234567893}.Debug|x86.ActiveCfg = Debug|Any CPU
		{D1E2F3A4-B5C6-7890-DEF0-BC1234567893}.Debug|x86.Build.0 = Debug|Any CPU
		{D1E2F3A4-B5C6-7890-DEF0-BC1234567893}.Release|Any CPU.ActiveCfg = Release|Any CPU
		{D1E2F3A4-B5C6-7890-DEF0-BC1234567893}.Release|Any CPU.Build.0 = Release|Any CPU
		{D1E2F3A4-B5C6-7890-DEF0-BC1234567893}.Release|x64.ActiveCfg = Release|Any CPU
		{D1E2F3A4-B5C6-7890-DEF0-BC1234567893}.Release|x64.Build.0 = Release|Any CPU
		{D1E2F3A4-B5C6-7890-DEF0-BC1234567893}.Release|x86.ActiveCfg = Release|Any CPU
		{D1E2F3A4-B5C6-7890-DEF0-BC1234567893}.Release|x86.Build.0 = Release|Any CPU
		{F1A2B3C4-D5E6-7890-FABC-DE1234567895}.Debug|Any CPU.ActiveCfg = Debug|Any CPU
		{F1A2B3C4-D5E6-7890-FABC-DE1234567895}.Debug|Any CPU.Build.0 = Debug|Any CPU
		{F1A2B3C4-D5E6-7890-FABC-DE1234567895}.Debug|x64.ActiveCfg = Debug|Any CPU
		{F1A2B3C4-D5E6-7890-FABC-DE1234567895}.Debug|x64.Build.0 = Debug|Any CPU
		{F1A2B3C4-D5E6-7890-FABC-DE1234567895}.Debug|x86.ActiveCfg = Debug|Any CPU
		{F1A2B3C4-D5E6-7890-FABC-DE1234567895}.Debug|x86.Build.0 = Debug|Any CPU
		{F1A2B3C4-D5E6-7890-FABC-DE1234567895}.Release|Any CPU.ActiveCfg = Release|Any CPU
		{F1A2B3C4-D5E6-7890-FABC-DE1234567895}.Release|Any CPU.Build.0 = Release|Any CPU
		{F1A2B3C4-D5E6-7890-FABC-DE1234567895}.Release|x64.ActiveCfg = Release|Any CPU
		{F1A2B3C4-D5E6-7890-FABC-DE1234567895}.Release|x64.Build.0 = Release|Any CPU
		{F1A2B3C4-D5E6-7890-FABC-DE1234567895}.Release|x86.ActiveCfg = Release|Any CPU
		{F1A2B3C4-D5E6-7890-FABC-DE1234567895}.Release|x86.Build.0 = Release|Any CPU
		{B2C3D4E5-F6A7-8901-BCDE-FA2345678907}.Debug|Any CPU.ActiveCfg = Debug|Any CPU
		{B2C3D4E5-F6A7-8901-BCDE-FA2345678907}.Debug|Any CPU.Build.0 = Debug|Any CPU
		{B2C3D4E5-F6A7-8901-BCDE-FA2345678907}.Debug|x64.ActiveCfg = Debug|Any CPU
		{B2C3D4E5-F6A7-8901-BCDE-FA2345678907}.Debug|x64.Build.0 = Debug|Any CPU
		{B2C3D4E5-F6A7-8901-BCDE-FA2345678907}.Debug|x86.ActiveCfg = Debug|Any CPU
		{B2C3D4E5-F6A7-8901-BCDE-FA2345678907}.Debug|x86.Build.0 = Debug|Any CPU
		{B2C3D4E5-F6A7-8901-BCDE-FA2345678907}.Release|Any CPU.ActiveCfg = Release|Any CPU
		{B2C3D4E5-F6A7-8901-BCDE-FA2345678907}.Release|Any CPU.Build.0 = Release|Any CPU
		{B2C3D4E5-F6A7-8901-BCDE-FA2345678907}.Release|x64.ActiveCfg = Release|Any CPU
		{B2C3D4E5-F6A7-8901-BCDE-FA2345678907}.Release|x64.Build.0 = Release|Any CPU
		{B2C3D4E5-F6A7-8901-BCDE-FA2345678907}.Release|x86.ActiveCfg = Release|Any CPU
		{B2C3D4E5-F6A7-8901-BCDE-FA2345678907}.Release|x86.Build.0 = Release|Any CPU
		{D2E3F4A5-B6C7-8901-DEFA-BC3456789019}.Debug|Any CPU.ActiveCfg = Debug|Any CPU
		{D2E3F4A5-B6C7-8901-DEFA-BC3456789019}.Debug|Any CPU.Build.0 = Debug|Any CPU
		{D2E3F4A5-B6C7-8901-DEFA-BC3456789019}.Debug|x64.ActiveCfg = Debug|Any CPU
		{D2E3F4A5-B6C7-8901-DEFA-BC3456789019}.Debug|x64.Build.0 = Debug|Any CPU
		{D2E3F4A5-B6C7-8901-DEFA-BC3456789019}.Debug|x86.ActiveCfg = Debug|Any CPU
		{D2E3F4A5-B6C7-8901-DEFA-BC3456789019}.Debug|x86.Build.0 = Debug|Any CPU
		{D2E3F4A5-B6C7-8901-DEFA-BC3456789019}.Release|Any CPU.ActiveCfg = Release|Any CPU
		{D2E3F4A5-B6C7-8901-DEFA-BC3456789019}.Release|Any CPU.Build.0 = Release|Any CPU
		{D2E3F4A5-B6C7-8901-DEFA-BC3456789019}.Release|x64.ActiveCfg = Release|Any CPU
		{D2E3F4A5-B6C7-8901-DEFA-BC3456789019}.Release|x64.Build.0 = Release|Any CPU
		{D2E3F4A5-B6C7-8901-DEFA-BC3456789019}.Release|x86.ActiveCfg = Release|Any CPU
		{D2E3F4A5-B6C7-8901-DEFA-BC3456789019}.Release|x86.Build.0 = Release|Any CPU
		{F2A3B4C5-D6E7-8901-FABC-DE4567890121}.Debug|Any CPU.ActiveCfg = Debug|Any CPU
		{F2A3B4C5-D6E7-8901-FABC-DE4567890121}.Debug|Any CPU.Build.0 = Debug|Any CPU
		{F2A3B4C5-D6E7-8901-FABC-DE4567890121}.Debug|x64.ActiveCfg = Debug|Any CPU
		{F2A3B4C5-D6E7-8901-FABC-DE4567890121}.Debug|x64.Build.0 = Debug|Any CPU
		{F2A3B4C5-D6E7-8901-FABC-DE4567890121}.Debug|x86.ActiveCfg = Debug|Any CPU
		{F2A3B4C5-D6E7-8901-FABC-DE4567890121}.Debug|x86.Build.0 = Debug|Any CPU
		{F2A3B4C5-D6E7-8901-FABC-DE4567890121}.Release|Any CPU.ActiveCfg = Release|Any CPU
		{F2A3B4C5-D6E7-8901-FABC-DE4567890121}.Release|Any CPU.Build.0 = Release|Any CPU
		{F2A3B4C5-D6E7-8901-FABC-DE4567890121}.Release|x64.ActiveCfg = Release|Any CPU
		{F2A3B4C5-D6E7-8901-FABC-DE4567890121}.Release|x64.Build.0 = Release|Any CPU
		{F2A3B4C5-D6E7-8901-FABC-DE4567890121}.Release|x86.ActiveCfg = Release|Any CPU
		{F2A3B4C5-D6E7-8901-FABC-DE4567890121}.Release|x86.Build.0 = Release|Any CPU
		{9A6A4E04-AB65-4132-875A-9B1984755AD3}.Debug|Any CPU.ActiveCfg = Debug|Any CPU
		{9A6A4E04-AB65-4132-875A-9B1984755AD3}.Debug|Any CPU.Build.0 = Debug|Any CPU
		{9A6A4E04-AB65-4132-875A-9B1984755AD3}.Debug|x64.ActiveCfg = Debug|Any CPU
		{9A6A4E04-AB65-4132-875A-9B1984755AD3}.Debug|x64.Build.0 = Debug|Any CPU
		{9A6A4E04-AB65-4132-875A-9B1984755AD3}.Debug|x86.ActiveCfg = Debug|Any CPU
		{9A6A4E04-AB65-4132-875A-9B1984755AD3}.Debug|x86.Build.0 = Debug|Any CPU
		{9A6A4E04-AB65-4132-875A-9B1984755AD3}.Release|Any CPU.ActiveCfg = Release|Any CPU
		{9A6A4E04-AB65-4132-875A-9B1984755AD3}.Release|Any CPU.Build.0 = Release|Any CPU
		{9A6A4E04-AB65-4132-875A-9B1984755AD3}.Release|x64.ActiveCfg = Release|Any CPU
		{9A6A4E04-AB65-4132-875A-9B1984755AD3}.Release|x64.Build.0 = Release|Any CPU
		{9A6A4E04-AB65-4132-875A-9B1984755AD3}.Release|x86.ActiveCfg = Release|Any CPU
		{9A6A4E04-AB65-4132-875A-9B1984755AD3}.Release|x86.Build.0 = Release|Any CPU
		{6C7318D5-EBBE-40EA-A7F1-46CFCCD8F5B6}.Debug|Any CPU.ActiveCfg = Debug|Any CPU
		{6C7318D5-EBBE-40EA-A7F1-46CFCCD8F5B6}.Debug|Any CPU.Build.0 = Debug|Any CPU
		{6C7318D5-EBBE-40EA-A7F1-46CFCCD8F5B6}.Debug|x64.ActiveCfg = Debug|Any CPU
		{6C7318D5-EBBE-40EA-A7F1-46CFCCD8F5B6}.Debug|x64.Build.0 = Debug|Any CPU
		{6C7318D5-EBBE-40EA-A7F1-46CFCCD8F5B6}.Debug|x86.ActiveCfg = Debug|Any CPU
		{6C7318D5-EBBE-40EA-A7F1-46CFCCD8F5B6}.Debug|x86.Build.0 = Debug|Any CPU
		{6C7318D5-EBBE-40EA-A7F1-46CFCCD8F5B6}.Release|Any CPU.ActiveCfg = Release|Any CPU
		{6C7318D5-EBBE-40EA-A7F1-46CFCCD8F5B6}.Release|Any CPU.Build.0 = Release|Any CPU
		{6C7318D5-EBBE-40EA-A7F1-46CFCCD8F5B6}.Release|x64.ActiveCfg = Release|Any CPU
		{6C7318D5-EBBE-40EA-A7F1-46CFCCD8F5B6}.Release|x64.Build.0 = Release|Any CPU
		{6C7318D5-EBBE-40EA-A7F1-46CFCCD8F5B6}.Release|x86.ActiveCfg = Release|Any CPU
		{6C7318D5-EBBE-40EA-A7F1-46CFCCD8F5B6}.Release|x86.Build.0 = Release|Any CPU
		{BDE6F6DE-69BA-4B33-9F04-AA7F735AB5A9}.Debug|Any CPU.ActiveCfg = Debug|Any CPU
		{BDE6F6DE-69BA-4B33-9F04-AA7F735AB5A9}.Debug|Any CPU.Build.0 = Debug|Any CPU
		{BDE6F6DE-69BA-4B33-9F04-AA7F735AB5A9}.Debug|x64.ActiveCfg = Debug|Any CPU
		{BDE6F6DE-69BA-4B33-9F04-AA7F735AB5A9}.Debug|x64.Build.0 = Debug|Any CPU
		{BDE6F6DE-69BA-4B33-9F04-AA7F735AB5A9}.Debug|x86.ActiveCfg = Debug|Any CPU
		{BDE6F6DE-69BA-4B33-9F04-AA7F735AB5A9}.Debug|x86.Build.0 = Debug|Any CPU
		{BDE6F6DE-69BA-4B33-9F04-AA7F735AB5A9}.Release|Any CPU.ActiveCfg = Release|Any CPU
		{BDE6F6DE-69BA-4B33-9F04-AA7F735AB5A9}.Release|Any CPU.Build.0 = Release|Any CPU
		{BDE6F6DE-69BA-4B33-9F04-AA7F735AB5A9}.Release|x64.ActiveCfg = Release|Any CPU
		{BDE6F6DE-69BA-4B33-9F04-AA7F735AB5A9}.Release|x64.Build.0 = Release|Any CPU
		{BDE6F6DE-69BA-4B33-9F04-AA7F735AB5A9}.Release|x86.ActiveCfg = Release|Any CPU
		{BDE6F6DE-69BA-4B33-9F04-AA7F735AB5A9}.Release|x86.Build.0 = Release|Any CPU
		{9F280557-2510-459A-9E36-FC20DCD5D78A}.Debug|Any CPU.ActiveCfg = Debug|Any CPU
		{9F280557-2510-459A-9E36-FC20DCD5D78A}.Debug|Any CPU.Build.0 = Debug|Any CPU
		{9F280557-2510-459A-9E36-FC20DCD5D78A}.Debug|x64.ActiveCfg = Debug|Any CPU
		{9F280557-2510-459A-9E36-FC20DCD5D78A}.Debug|x64.Build.0 = Debug|Any CPU
		{9F280557-2510-459A-9E36-FC20DCD5D78A}.Debug|x86.ActiveCfg = Debug|Any CPU
		{9F280557-2510-459A-9E36-FC20DCD5D78A}.Debug|x86.Build.0 = Debug|Any CPU
		{9F280557-2510-459A-9E36-FC20DCD5D78A}.Release|Any CPU.ActiveCfg = Release|Any CPU
		{9F280557-2510-459A-9E36-FC20DCD5D78A}.Release|Any CPU.Build.0 = Release|Any CPU
		{9F280557-2510-459A-9E36-FC20DCD5D78A}.Release|x64.ActiveCfg = Release|Any CPU
		{9F280557-2510-459A-9E36-FC20DCD5D78A}.Release|x64.Build.0 = Release|Any CPU
		{9F280557-2510-459A-9E36-FC20DCD5D78A}.Release|x86.ActiveCfg = Release|Any CPU
		{9F280557-2510-459A-9E36-FC20DCD5D78A}.Release|x86.Build.0 = Release|Any CPU
		{B1F8DD54-4097-4A31-80DB-500A59800A85}.Debug|Any CPU.ActiveCfg = Debug|Any CPU
		{B1F8DD54-4097-4A31-80DB-500A59800A85}.Debug|Any CPU.Build.0 = Debug|Any CPU
		{B1F8DD54-4097-4A31-80DB-500A59800A85}.Debug|x64.ActiveCfg = Debug|Any CPU
		{B1F8DD54-4097-4A31-80DB-500A59800A85}.Debug|x64.Build.0 = Debug|Any CPU
		{B1F8DD54-4097-4A31-80DB-500A59800A85}.Debug|x86.ActiveCfg = Debug|Any CPU
		{B1F8DD54-4097-4A31-80DB-500A59800A85}.Debug|x86.Build.0 = Debug|Any CPU
		{B1F8DD54-4097-4A31-80DB-500A59800A85}.Release|Any CPU.ActiveCfg = Release|Any CPU
		{B1F8DD54-4097-4A31-80DB-500A59800A85}.Release|Any CPU.Build.0 = Release|Any CPU
		{B1F8DD54-4097-4A31-80DB-500A59800A85}.Release|x64.ActiveCfg = Release|Any CPU
		{B1F8DD54-4097-4A31-80DB-500A59800A85}.Release|x64.Build.0 = Release|Any CPU
		{B1F8DD54-4097-4A31-80DB-500A59800A85}.Release|x86.ActiveCfg = Release|Any CPU
		{B1F8DD54-4097-4A31-80DB-500A59800A85}.Release|x86.Build.0 = Release|Any CPU
		{B8796ED3-678E-4D5A-B97C-731B6B80C7E4}.Debug|Any CPU.ActiveCfg = Debug|Any CPU
		{B8796ED3-678E-4D5A-B97C-731B6B80C7E4}.Debug|Any CPU.Build.0 = Debug|Any CPU
		{B8796ED3-678E-4D5A-B97C-731B6B80C7E4}.Debug|x64.ActiveCfg = Debug|Any CPU
		{B8796ED3-678E-4D5A-B97C-731B6B80C7E4}.Debug|x64.Build.0 = Debug|Any CPU
		{B8796ED3-678E-4D5A-B97C-731B6B80C7E4}.Debug|x86.ActiveCfg = Debug|Any CPU
		{B8796ED3-678E-4D5A-B97C-731B6B80C7E4}.Debug|x86.Build.0 = Debug|Any CPU
		{B8796ED3-678E-4D5A-B97C-731B6B80C7E4}.Release|Any CPU.ActiveCfg = Release|Any CPU
		{B8796ED3-678E-4D5A-B97C-731B6B80C7E4}.Release|Any CPU.Build.0 = Release|Any CPU
		{B8796ED3-678E-4D5A-B97C-731B6B80C7E4}.Release|x64.ActiveCfg = Release|Any CPU
		{B8796ED3-678E-4D5A-B97C-731B6B80C7E4}.Release|x64.Build.0 = Release|Any CPU
		{B8796ED3-678E-4D5A-B97C-731B6B80C7E4}.Release|x86.ActiveCfg = Release|Any CPU
		{B8796ED3-678E-4D5A-B97C-731B6B80C7E4}.Release|x86.Build.0 = Release|Any CPU
		{CC8FA428-3988-444E-92FB-4A5BE925D96B}.Debug|Any CPU.ActiveCfg = Debug|Any CPU
		{CC8FA428-3988-444E-92FB-4A5BE925D96B}.Debug|Any CPU.Build.0 = Debug|Any CPU
		{CC8FA428-3988-444E-92FB-4A5BE925D96B}.Debug|x64.ActiveCfg = Debug|Any CPU
		{CC8FA428-3988-444E-92FB-4A5BE925D96B}.Debug|x64.Build.0 = Debug|Any CPU
		{CC8FA428-3988-444E-92FB-4A5BE925D96B}.Debug|x86.ActiveCfg = Debug|Any CPU
		{CC8FA428-3988-444E-92FB-4A5BE925D96B}.Debug|x86.Build.0 = Debug|Any CPU
		{CC8FA428-3988-444E-92FB-4A5BE925D96B}.Release|Any CPU.ActiveCfg = Release|Any CPU
		{CC8FA428-3988-444E-92FB-4A5BE925D96B}.Release|Any CPU.Build.0 = Release|Any CPU
		{CC8FA428-3988-444E-92FB-4A5BE925D96B}.Release|x64.ActiveCfg = Release|Any CPU
		{CC8FA428-3988-444E-92FB-4A5BE925D96B}.Release|x64.Build.0 = Release|Any CPU
		{CC8FA428-3988-444E-92FB-4A5BE925D96B}.Release|x86.ActiveCfg = Release|Any CPU
		{CC8FA428-3988-444E-92FB-4A5BE925D96B}.Release|x86.Build.0 = Release|Any CPU
		{FDE7C93A-6625-46E1-A6A4-8348A874ED24}.Debug|Any CPU.ActiveCfg = Debug|Any CPU
		{FDE7C93A-6625-46E1-A6A4-8348A874ED24}.Debug|Any CPU.Build.0 = Debug|Any CPU
		{FDE7C93A-6625-46E1-A6A4-8348A874ED24}.Debug|x64.ActiveCfg = Debug|Any CPU
		{FDE7C93A-6625-46E1-A6A4-8348A874ED24}.Debug|x64.Build.0 = Debug|Any CPU
		{FDE7C93A-6625-46E1-A6A4-8348A874ED24}.Debug|x86.ActiveCfg = Debug|Any CPU
		{FDE7C93A-6625-46E1-A6A4-8348A874ED24}.Debug|x86.Build.0 = Debug|Any CPU
		{FDE7C93A-6625-46E1-A6A4-8348A874ED24}.Release|Any CPU.ActiveCfg = Release|Any CPU
		{FDE7C93A-6625-46E1-A6A4-8348A874ED24}.Release|Any CPU.Build.0 = Release|Any CPU
		{FDE7C93A-6625-46E1-A6A4-8348A874ED24}.Release|x64.ActiveCfg = Release|Any CPU
		{FDE7C93A-6625-46E1-A6A4-8348A874ED24}.Release|x64.Build.0 = Release|Any CPU
		{FDE7C93A-6625-46E1-A6A4-8348A874ED24}.Release|x86.ActiveCfg = Release|Any CPU
		{FDE7C93A-6625-46E1-A6A4-8348A874ED24}.Release|x86.Build.0 = Release|Any CPU
		{D6581EDE-2989-4E41-BD10-7B969AFC0F98}.Debug|Any CPU.ActiveCfg = Debug|Any CPU
		{D6581EDE-2989-4E41-BD10-7B969AFC0F98}.Debug|Any CPU.Build.0 = Debug|Any CPU
		{D6581EDE-2989-4E41-BD10-7B969AFC0F98}.Debug|x64.ActiveCfg = Debug|Any CPU
		{D6581EDE-2989-4E41-BD10-7B969AFC0F98}.Debug|x64.Build.0 = Debug|Any CPU
		{D6581EDE-2989-4E41-BD10-7B969AFC0F98}.Debug|x86.ActiveCfg = Debug|Any CPU
		{D6581EDE-2989-4E41-BD10-7B969AFC0F98}.Debug|x86.Build.0 = Debug|Any CPU
		{D6581EDE-2989-4E41-BD10-7B969AFC0F98}.Release|Any CPU.ActiveCfg = Release|Any CPU
		{D6581EDE-2989-4E41-BD10-7B969AFC0F98}.Release|Any CPU.Build.0 = Release|Any CPU
		{D6581EDE-2989-4E41-BD10-7B969AFC0F98}.Release|x64.ActiveCfg = Release|Any CPU
		{D6581EDE-2989-4E41-BD10-7B969AFC0F98}.Release|x64.Build.0 = Release|Any CPU
		{D6581EDE-2989-4E41-BD10-7B969AFC0F98}.Release|x86.ActiveCfg = Release|Any CPU
		{D6581EDE-2989-4E41-BD10-7B969AFC0F98}.Release|x86.Build.0 = Release|Any CPU
		{B4FD78EF-539E-477D-AC48-074C098CD738}.Debug|Any CPU.ActiveCfg = Debug|Any CPU
		{B4FD78EF-539E-477D-AC48-074C098CD738}.Debug|Any CPU.Build.0 = Debug|Any CPU
		{B4FD78EF-539E-477D-AC48-074C098CD738}.Debug|x64.ActiveCfg = Debug|Any CPU
		{B4FD78EF-539E-477D-AC48-074C098CD738}.Debug|x64.Build.0 = Debug|Any CPU
		{B4FD78EF-539E-477D-AC48-074C098CD738}.Debug|x86.ActiveCfg = Debug|Any CPU
		{B4FD78EF-539E-477D-AC48-074C098CD738}.Debug|x86.Build.0 = Debug|Any CPU
		{B4FD78EF-539E-477D-AC48-074C098CD738}.Release|Any CPU.ActiveCfg = Release|Any CPU
		{B4FD78EF-539E-477D-AC48-074C098CD738}.Release|Any CPU.Build.0 = Release|Any CPU
		{B4FD78EF-539E-477D-AC48-074C098CD738}.Release|x64.ActiveCfg = Release|Any CPU
		{B4FD78EF-539E-477D-AC48-074C098CD738}.Release|x64.Build.0 = Release|Any CPU
		{B4FD78EF-539E-477D-AC48-074C098CD738}.Release|x86.ActiveCfg = Release|Any CPU
		{B4FD78EF-539E-477D-AC48-074C098CD738}.Release|x86.Build.0 = Release|Any CPU
		{AF8EE342-FED6-4FD0-A378-41DBC5F7F8BE}.Debug|Any CPU.ActiveCfg = Debug|Any CPU
		{AF8EE342-FED6-4FD0-A378-41DBC5F7F8BE}.Debug|Any CPU.Build.0 = Debug|Any CPU
		{AF8EE342-FED6-4FD0-A378-41DBC5F7F8BE}.Debug|x64.ActiveCfg = Debug|Any CPU
		{AF8EE342-FED6-4FD0-A378-41DBC5F7F8BE}.Debug|x64.Build.0 = Debug|Any CPU
		{AF8EE342-FED6-4FD0-A378-41DBC5F7F8BE}.Debug|x86.ActiveCfg = Debug|Any CPU
		{AF8EE342-FED6-4FD0-A378-41DBC5F7F8BE}.Debug|x86.Build.0 = Debug|Any CPU
		{AF8EE342-FED6-4FD0-A378-41DBC5F7F8BE}.Release|Any CPU.ActiveCfg = Release|Any CPU
		{AF8EE342-FED6-4FD0-A378-41DBC5F7F8BE}.Release|Any CPU.Build.0 = Release|Any CPU
		{AF8EE342-FED6-4FD0-A378-41DBC5F7F8BE}.Release|x64.ActiveCfg = Release|Any CPU
		{AF8EE342-FED6-4FD0-A378-41DBC5F7F8BE}.Release|x64.Build.0 = Release|Any CPU
		{AF8EE342-FED6-4FD0-A378-41DBC5F7F8BE}.Release|x86.ActiveCfg = Release|Any CPU
		{AF8EE342-FED6-4FD0-A378-41DBC5F7F8BE}.Release|x86.Build.0 = Release|Any CPU
		{927CA452-AA4F-4005-B5A4-6C0F47611F12}.Debug|Any CPU.ActiveCfg = Debug|Any CPU
		{927CA452-AA4F-4005-B5A4-6C0F47611F12}.Debug|Any CPU.Build.0 = Debug|Any CPU
		{927CA452-AA4F-4005-B5A4-6C0F47611F12}.Debug|x64.ActiveCfg = Debug|Any CPU
		{927CA452-AA4F-4005-B5A4-6C0F47611F12}.Debug|x64.Build.0 = Debug|Any CPU
		{927CA452-AA4F-4005-B5A4-6C0F47611F12}.Debug|x86.ActiveCfg = Debug|Any CPU
		{927CA452-AA4F-4005-B5A4-6C0F47611F12}.Debug|x86.Build.0 = Debug|Any CPU
		{927CA452-AA4F-4005-B5A4-6C0F47611F12}.Release|Any CPU.ActiveCfg = Release|Any CPU
		{927CA452-AA4F-4005-B5A4-6C0F47611F12}.Release|Any CPU.Build.0 = Release|Any CPU
		{927CA452-AA4F-4005-B5A4-6C0F47611F12}.Release|x64.ActiveCfg = Release|Any CPU
		{927CA452-AA4F-4005-B5A4-6C0F47611F12}.Release|x64.Build.0 = Release|Any CPU
		{927CA452-AA4F-4005-B5A4-6C0F47611F12}.Release|x86.ActiveCfg = Release|Any CPU
		{927CA452-AA4F-4005-B5A4-6C0F47611F12}.Release|x86.Build.0 = Release|Any CPU
		{21D04484-B3DF-4D96-9B5F-4B74C79B1687}.Debug|Any CPU.ActiveCfg = Debug|Any CPU
		{21D04484-B3DF-4D96-9B5F-4B74C79B1687}.Debug|Any CPU.Build.0 = Debug|Any CPU
		{21D04484-B3DF-4D96-9B5F-4B74C79B1687}.Debug|x64.ActiveCfg = Debug|Any CPU
		{21D04484-B3DF-4D96-9B5F-4B74C79B1687}.Debug|x64.Build.0 = Debug|Any CPU
		{21D04484-B3DF-4D96-9B5F-4B74C79B1687}.Debug|x86.ActiveCfg = Debug|Any CPU
		{21D04484-B3DF-4D96-9B5F-4B74C79B1687}.Debug|x86.Build.0 = Debug|Any CPU
		{21D04484-B3DF-4D96-9B5F-4B74C79B1687}.Release|Any CPU.ActiveCfg = Release|Any CPU
		{21D04484-B3DF-4D96-9B5F-4B74C79B1687}.Release|Any CPU.Build.0 = Release|Any CPU
		{21D04484-B3DF-4D96-9B5F-4B74C79B1687}.Release|x64.ActiveCfg = Release|Any CPU
		{21D04484-B3DF-4D96-9B5F-4B74C79B1687}.Release|x64.Build.0 = Release|Any CPU
		{21D04484-B3DF-4D96-9B5F-4B74C79B1687}.Release|x86.ActiveCfg = Release|Any CPU
		{21D04484-B3DF-4D96-9B5F-4B74C79B1687}.Release|x86.Build.0 = Release|Any CPU
	EndGlobalSection
	GlobalSection(SolutionProperties) = preSolution
		HideSolutionNode = FALSE
	EndGlobalSection
	GlobalSection(NestedProjects) = preSolution
		{5534F04B-CAE9-3969-ACAD-398C5CDE7039} = {827E0CD3-B72D-47B6-A68D-7590B98EB39B}
		{74879309-8E12-4668-48E4-1C637CBCEC79} = {5534F04B-CAE9-3969-ACAD-398C5CDE7039}
		{4775C56A-1E8B-E22C-9888-5C902E938D33} = {827E0CD3-B72D-47B6-A68D-7590B98EB39B}
		{E24C3913-F463-696D-43C4-DE7C12EB487C} = {4775C56A-1E8B-E22C-9888-5C902E938D33}
		{2906C589-2C7D-7A5B-6247-EDDE301D84F0} = {827E0CD3-B72D-47B6-A68D-7590B98EB39B}
		{2390B48D-A56C-98D0-6856-35AFED520449} = {2906C589-2C7D-7A5B-6247-EDDE301D84F0}
		{38529138-8E75-4472-82BA-A2992B6C28FB} = {827E0CD3-B72D-47B6-A68D-7590B98EB39B}
		{B1A2C3D4-E5F6-7890-ABCD-EF1234567890} = {827E0CD3-B72D-47B6-A68D-7590B98EB39B}
		{A1B2C3D4-E5F6-7890-ABCD-EF1234567891} = {B1A2C3D4-E5F6-7890-ABCD-EF1234567890}
		{C1D2E3F4-A5B6-7890-CDEF-AB1234567892} = {827E0CD3-B72D-47B6-A68D-7590B98EB39B}
		{D1E2F3A4-B5C6-7890-DEF0-BC1234567893} = {C1D2E3F4-A5B6-7890-CDEF-AB1234567892}
		{E1F2A3B4-C5D6-7890-EFAB-CD1234567894} = {827E0CD3-B72D-47B6-A68D-7590B98EB39B}
		{F1A2B3C4-D5E6-7890-FABC-DE1234567895} = {E1F2A3B4-C5D6-7890-EFAB-CD1234567894}
		{A2B3C4D5-E6F7-8901-ABCD-EF2345678906} = {827E0CD3-B72D-47B6-A68D-7590B98EB39B}
		{B2C3D4E5-F6A7-8901-BCDE-FA2345678907} = {A2B3C4D5-E6F7-8901-ABCD-EF2345678906}
		{C2D3E4F5-A6B7-8901-CDEF-AB3456789018} = {827E0CD3-B72D-47B6-A68D-7590B98EB39B}
		{D2E3F4A5-B6C7-8901-DEFA-BC3456789019} = {C2D3E4F5-A6B7-8901-CDEF-AB3456789018}
		{E2F3A4B5-C6D7-8901-EFAB-CD4567890120} = {827E0CD3-B72D-47B6-A68D-7590B98EB39B}
		{F2A3B4C5-D6E7-8901-FABC-DE4567890121} = {E2F3A4B5-C6D7-8901-EFAB-CD4567890120}
		{9A6A4E04-AB65-4132-875A-9B1984755AD3} = {827E0CD3-B72D-47B6-A68D-7590B98EB39B}
		{6C7318D5-EBBE-40EA-A7F1-46CFCCD8F5B6} = {0AB3BF05-4346-4AA6-1389-037BE0695223}
		{BDE6F6DE-69BA-4B33-9F04-AA7F735AB5A9} = {0AB3BF05-4346-4AA6-1389-037BE0695223}
		{9F280557-2510-459A-9E36-FC20DCD5D78A} = {0AB3BF05-4346-4AA6-1389-037BE0695223}
		{B1F8DD54-4097-4A31-80DB-500A59800A85} = {0AB3BF05-4346-4AA6-1389-037BE0695223}
		{B8796ED3-678E-4D5A-B97C-731B6B80C7E4} = {0AB3BF05-4346-4AA6-1389-037BE0695223}
		{CC8FA428-3988-444E-92FB-4A5BE925D96B} = {0AB3BF05-4346-4AA6-1389-037BE0695223}
		{FDE7C93A-6625-46E1-A6A4-8348A874ED24} = {0AB3BF05-4346-4AA6-1389-037BE0695223}
		{D6581EDE-2989-4E41-BD10-7B969AFC0F98} = {0AB3BF05-4346-4AA6-1389-037BE0695223}
		{B4FD78EF-539E-477D-AC48-074C098CD738} = {0AB3BF05-4346-4AA6-1389-037BE0695223}
		{AF8EE342-FED6-4FD0-A378-41DBC5F7F8BE} = {0AB3BF05-4346-4AA6-1389-037BE0695223}
		{927CA452-AA4F-4005-B5A4-6C0F47611F12} = {0AB3BF05-4346-4AA6-1389-037BE0695223}
		{21D04484-B3DF-4D96-9B5F-4B74C79B1687} = {0AB3BF05-4346-4AA6-1389-037BE0695223}
	EndGlobalSection
	GlobalSection(ExtensibilityGlobals) = postSolution
		SolutionGuid = {AA822D18-9E89-4134-BAB9-63E8276F3461}
	EndGlobalSection
EndGlobal
